
Microsoft Visual Studio Solution File, Format Version 12.00
# Visual Studio Version 17
VisualStudioVersion = 17.9.34701.34
MinimumVisualStudioVersion = 10.0.40219.1
Project("{FAE04EC0-301F-11D3-BF4B-00C04F79EFBC}") = "UlviMyazdiqi", "UlviMyazdiqi.csproj", "{D3856531-51BA-4E7D-BFC5-2F001BFFB459}"
EndProject
Global
	GlobalSection(SolutionConfigurationPlatforms) = preSolution
		Debug|Any CPU = Debug|Any CPU
		Release|Any CPU = Release|Any CPU
	EndGlobalSection
	GlobalSection(ProjectConfigurationPlatforms) = postSolution
		{D3856531-51BA-4E7D-BFC5-2F001BFFB459}.Debug|Any CPU.ActiveCfg = Debug|Any CPU
		{D3856531-51BA-4E7D-BFC5-2F001BFFB459}.Debug|Any CPU.Build.0 = Debug|Any CPU
		{D3856531-51BA-4E7D-BFC5-2F001BFFB459}.Release|Any CPU.ActiveCfg = Release|Any CPU
		{D3856531-51BA-4E7D-BFC5-2F001BFFB459}.Release|Any CPU.Build.0 = Release|Any CPU
	EndGlobalSection
	GlobalSection(SolutionProperties) = preSolution
		HideSolutionNode = FALSE
	EndGlobalSection
	GlobalSection(ExtensibilityGlobals) = postSolution
		SolutionGuid = {0A8FCCB6-C41D-4E2E-B67E-585531C18178}
	EndGlobalSection
EndGlobal
